
Microsoft Visual Studio Solution File, Format Version 12.00
# Visual Studio Version 17
VisualStudioVersion = 17.0.32014.148
MinimumVisualStudioVersion = 10.0.40219.1
Project("{2150E333-8FDC-42A3-9474-1A3956D46DE8}") = "build", "build", "{4CDD2A9D-3BB4-4D3F-B254-E03E2F4BC808}"
	ProjectSection(SolutionItems) = preProject
		.gitignore = .gitignore
		Directory.Build.props = Directory.Build.props
		NuGet.config = NuGet.config
		build\NugetPackage.Backend.props = build\NugetPackage.Backend.props
		build\NugetPackage.Common.props = build\NugetPackage.Common.props
		build\NugetPackage.props = build\NugetPackage.props
		README.md = README.md
		build\xylab.snk = build\xylab.snk
	EndProjectSection
EndProject
Project("{9A19103F-16F7-4668-BE54-9A1E7A4F7556}") = "JetHub.Host", "src\Host\JetHub.Host.csproj", "{C9A18B89-F16E-4530-B2BF-31D00AB3ED41}"
EndProject
Project("{9A19103F-16F7-4668-BE54-9A1E7A4F7556}") = "Management.Interop.UnitTests", "test\Management.Interop\Management.Interop.UnitTests.csproj", "{558907EF-512D-4039-8A7E-EC3C437EECC6}"
EndProject
Project("{9A19103F-16F7-4668-BE54-9A1E7A4F7556}") = "Management.Interop", "src\Management.Interop\Management.Interop.csproj", "{A72FC175-1BDA-4E99-935D-2EB3FB00AB99}"
EndProject
Project("{9A19103F-16F7-4668-BE54-9A1E7A4F7556}") = "Management.Kudu", "src\Management.ProjectKudu\Management.Kudu.csproj", "{4AFC5108-6848-4C03-B6C2-478EE1188D8B}"
EndProject
Project("{2150E333-8FDC-42A3-9474-1A3956D46DE8}") = "src", "src", "{601DFC21-365F-46D8-9457-1501464C4514}"
EndProject
Project("{2150E333-8FDC-42A3-9474-1A3956D46DE8}") = "test", "test", "{6008DCE4-3C13-4D4E-869E-27E138C63FEB}"
EndProject
Project("{9A19103F-16F7-4668-BE54-9A1E7A4F7556}") = "Workflows.Legacy", "src\Jobs.Abstraction\Workflows.Legacy.csproj", "{6C6B5CFF-03F0-488E-9847-6A500F56F9A6}"
EndProject
Project("{2150E333-8FDC-42A3-9474-1A3956D46DE8}") = "sample", "sample", "{4522A32F-5478-436E-86FD-FF96AD1F406F}"
EndProject
Project("{9A19103F-16F7-4668-BE54-9A1E7A4F7556}") = "SatelliteSite.Host", "src\SatelliteSite\SatelliteSite.Host.csproj", "{618936D2-C39C-483B-BD6E-99CC8C5E444C}"
EndProject
Project("{9A19103F-16F7-4668-BE54-9A1E7A4F7556}") = "Workflows.Legacy.Module", "src\Jobs.Module\Workflows.Legacy.Module.csproj", "{964EC0B3-37E3-4647-9DF0-CCC1C7633BED}"
EndProject
Project("{9A19103F-16F7-4668-BE54-9A1E7A4F7556}") = "Workflows.LogicApps", "src\Workflows.LogicApps\Workflows.LogicApps.csproj", "{B9C4132E-7457-43C3-8316-F814B987D283}"
EndProject
Project("{9A19103F-16F7-4668-BE54-9A1E7A4F7556}") = "Automation.Bundle", "src\PowerShell.Cmdlets\Automation.Bundle.csproj", "{B10A9A4F-22E0-4835-8EA0-705D2D83B69B}"
EndProject
Project("{9A19103F-16F7-4668-BE54-9A1E7A4F7556}") = "PowerShell.Client", "src\PowerShell.Client\PowerShell.Client.csproj", "{962EA4C1-EC53-4038-89E2-EA4DE15434C5}"
EndProject
Global
	GlobalSection(SolutionConfigurationPlatforms) = preSolution
		Debug|Any CPU = Debug|Any CPU
		Release|Any CPU = Release|Any CPU
	EndGlobalSection
	GlobalSection(ProjectConfigurationPlatforms) = postSolution
		{C9A18B89-F16E-4530-B2BF-31D00AB3ED41}.Debug|Any CPU.ActiveCfg = Debug|Any CPU
		{C9A18B89-F16E-4530-B2BF-31D00AB3ED41}.Debug|Any CPU.Build.0 = Debug|Any CPU
		{C9A18B89-F16E-4530-B2BF-31D00AB3ED41}.Release|Any CPU.ActiveCfg = Release|Any CPU
		{C9A18B89-F16E-4530-B2BF-31D00AB3ED41}.Release|Any CPU.Build.0 = Release|Any CPU
		{558907EF-512D-4039-8A7E-EC3C437EECC6}.Debug|Any CPU.ActiveCfg = Debug|Any CPU
		{558907EF-512D-4039-8A7E-EC3C437EECC6}.Debug|Any CPU.Build.0 = Debug|Any CPU
		{558907EF-512D-4039-8A7E-EC3C437EECC6}.Release|Any CPU.ActiveCfg = Release|Any CPU
		{558907EF-512D-4039-8A7E-EC3C437EECC6}.Release|Any CPU.Build.0 = Release|Any CPU
		{A72FC175-1BDA-4E99-935D-2EB3FB00AB99}.Debug|Any CPU.ActiveCfg = Debug|Any CPU
		{A72FC175-1BDA-4E99-935D-2EB3FB00AB99}.Debug|Any CPU.Build.0 = Debug|Any CPU
		{A72FC175-1BDA-4E99-935D-2EB3FB00AB99}.Release|Any CPU.ActiveCfg = Release|Any CPU
		{A72FC175-1BDA-4E99-935D-2EB3FB00AB99}.Release|Any CPU.Build.0 = Release|Any CPU
		{4AFC5108-6848-4C03-B6C2-478EE1188D8B}.Debug|Any CPU.ActiveCfg = Debug|Any CPU
		{4AFC5108-6848-4C03-B6C2-478EE1188D8B}.Debug|Any CPU.Build.0 = Debug|Any CPU
		{4AFC5108-6848-4C03-B6C2-478EE1188D8B}.Release|Any CPU.ActiveCfg = Release|Any CPU
		{4AFC5108-6848-4C03-B6C2-478EE1188D8B}.Release|Any CPU.Build.0 = Release|Any CPU
		{6C6B5CFF-03F0-488E-9847-6A500F56F9A6}.Debug|Any CPU.ActiveCfg = Debug|Any CPU
		{6C6B5CFF-03F0-488E-9847-6A500F56F9A6}.Debug|Any CPU.Build.0 = Debug|Any CPU
		{6C6B5CFF-03F0-488E-9847-6A500F56F9A6}.Release|Any CPU.ActiveCfg = Release|Any CPU
		{6C6B5CFF-03F0-488E-9847-6A500F56F9A6}.Release|Any CPU.Build.0 = Release|Any CPU
		{618936D2-C39C-483B-BD6E-99CC8C5E444C}.Debug|Any CPU.ActiveCfg = Debug|Any CPU
		{618936D2-C39C-483B-BD6E-99CC8C5E444C}.Debug|Any CPU.Build.0 = Debug|Any CPU
		{618936D2-C39C-483B-BD6E-99CC8C5E444C}.Release|Any CPU.ActiveCfg = Release|Any CPU
		{618936D2-C39C-483B-BD6E-99CC8C5E444C}.Release|Any CPU.Build.0 = Release|Any CPU
		{964EC0B3-37E3-4647-9DF0-CCC1C7633BED}.Debug|Any CPU.ActiveCfg = Debug|Any CPU
		{964EC0B3-37E3-4647-9DF0-CCC1C7633BED}.Debug|Any CPU.Build.0 = Debug|Any CPU
		{964EC0B3-37E3-4647-9DF0-CCC1C7633BED}.Release|Any CPU.ActiveCfg = Release|Any CPU
		{964EC0B3-37E3-4647-9DF0-CCC1C7633BED}.Release|Any CPU.Build.0 = Release|Any CPU
		{B9C4132E-7457-43C3-8316-F814B987D283}.Debug|Any CPU.ActiveCfg = Debug|Any CPU
		{B9C4132E-7457-43C3-8316-F814B987D283}.Debug|Any CPU.Build.0 = Debug|Any CPU
		{B9C4132E-7457-43C3-8316-F814B987D283}.Release|Any CPU.ActiveCfg = Release|Any CPU
		{B9C4132E-7457-43C3-8316-F814B987D283}.Release|Any CPU.Build.0 = Release|Any CPU
		{B10A9A4F-22E0-4835-8EA0-705D2D83B69B}.Debug|Any CPU.ActiveCfg = Debug|Any CPU
		{B10A9A4F-22E0-4835-8EA0-705D2D83B69B}.Debug|Any CPU.Build.0 = Debug|Any CPU
		{B10A9A4F-22E0-4835-8EA0-705D2D83B69B}.Release|Any CPU.ActiveCfg = Release|Any CPU
		{B10A9A4F-22E0-4835-8EA0-705D2D83B69B}.Release|Any CPU.Build.0 = Release|Any CPU
		{962EA4C1-EC53-4038-89E2-EA4DE15434C5}.Debug|Any CPU.ActiveCfg = Debug|Any CPU
		{962EA4C1-EC53-4038-89E2-EA4DE15434C5}.Debug|Any CPU.Build.0 = Debug|Any CPU
		{962EA4C1-EC53-4038-89E2-EA4DE15434C5}.Release|Any CPU.ActiveCfg = Release|Any CPU
		{962EA4C1-EC53-4038-89E2-EA4DE15434C5}.Release|Any CPU.Build.0 = Release|Any CPU
	EndGlobalSection
	GlobalSection(SolutionProperties) = preSolution
		HideSolutionNode = FALSE
	EndGlobalSection
	GlobalSection(NestedProjects) = preSolution
		{C9A18B89-F16E-4530-B2BF-31D00AB3ED41} = {4522A32F-5478-436E-86FD-FF96AD1F406F}
		{558907EF-512D-4039-8A7E-EC3C437EECC6} = {6008DCE4-3C13-4D4E-869E-27E138C63FEB}
		{A72FC175-1BDA-4E99-935D-2EB3FB00AB99} = {601DFC21-365F-46D8-9457-1501464C4514}
		{4AFC5108-6848-4C03-B6C2-478EE1188D8B} = {601DFC21-365F-46D8-9457-1501464C4514}
		{6C6B5CFF-03F0-488E-9847-6A500F56F9A6} = {601DFC21-365F-46D8-9457-1501464C4514}
		{618936D2-C39C-483B-BD6E-99CC8C5E444C} = {4522A32F-5478-436E-86FD-FF96AD1F406F}
		{964EC0B3-37E3-4647-9DF0-CCC1C7633BED} = {601DFC21-365F-46D8-9457-1501464C4514}
		{B9C4132E-7457-43C3-8316-F814B987D283} = {601DFC21-365F-46D8-9457-1501464C4514}
		{B10A9A4F-22E0-4835-8EA0-705D2D83B69B} = {601DFC21-365F-46D8-9457-1501464C4514}
		{962EA4C1-EC53-4038-89E2-EA4DE15434C5} = {601DFC21-365F-46D8-9457-1501464C4514}
	EndGlobalSection
	GlobalSection(ExtensibilityGlobals) = postSolution
		SolutionGuid = {9E6868DA-B17E-4928-8C7A-0D6F2A8DC286}
	EndGlobalSection
EndGlobal
